
Microsoft Visual Studio Solution File, Format Version 12.00
# Visual Studio 15
VisualStudioVersion = 15.0.26430.12
MinimumVisualStudioVersion = 10.0.40219.1
Project("{FAE04EC0-301F-11D3-BF4B-00C04F79EFBC}") = "JustDownTheStreet", "JustDownTheStreet\JustDownTheStreet.csproj", "{CBB96644-6181-4681-AE6B-893F2D7CE22A}"
EndProject
Global
	GlobalSection(SolutionConfigurationPlatforms) = preSolution
		Debug|Any CPU = Debug|Any CPU
		Release|Any CPU = Release|Any CPU
	EndGlobalSection
	GlobalSection(ProjectConfigurationPlatforms) = postSolution
		{CBB96644-6181-4681-AE6B-893F2D7CE22A}.Debug|Any CPU.ActiveCfg = Debug|Any CPU
		{CBB96644-6181-4681-AE6B-893F2D7CE22A}.Debug|Any CPU.Build.0 = Debug|Any CPU
		{CBB96644-6181-4681-AE6B-893F2D7CE22A}.Release|Any CPU.ActiveCfg = Release|Any CPU
		{CBB96644-6181-4681-AE6B-893F2D7CE22A}.Release|Any CPU.Build.0 = Release|Any CPU
	EndGlobalSection
	GlobalSection(SolutionProperties) = preSolution
		HideSolutionNode = FALSE
	EndGlobalSection
EndGlobal
